// !$*UTF8*$!
{
	archiveVersion = 1;
	classes = {
	};
	objectVersion = 46;
	objects = {

/* Begin PBXBuildFile section */
		B10B959B1A87BCCB005E36A1 /* OrderedDictionary.swift in Sources */ = {isa = PBXBuildFile; fileRef = B1B990101A82FE6000D9215A /* OrderedDictionary.swift */; };
		B10B959C1A87BCCB005E36A1 /* Logger.swift in Sources */ = {isa = PBXBuildFile; fileRef = B19AC71C1A8161C80013AE7E /* Logger.swift */; };
		B10B959F1A87C2A1005E36A1 /* Sorts.swift in Sources */ = {isa = PBXBuildFile; fileRef = B10B959E1A87C2A1005E36A1 /* Sorts.swift */; };
		B10B95A11A87C2E2005E36A1 /* Maths.swift in Sources */ = {isa = PBXBuildFile; fileRef = B10B95A01A87C2E2005E36A1 /* Maths.swift */; };
		B1648A941A9A647200CEBC76 /* Expressions.swift in Sources */ = {isa = PBXBuildFile; fileRef = B1648A931A9A647200CEBC76 /* Expressions.swift */; };
		B1648A951A9A647200CEBC76 /* Expressions.swift in Sources */ = {isa = PBXBuildFile; fileRef = B1648A931A9A647200CEBC76 /* Expressions.swift */; };
		B1648A981A9A66B500CEBC76 /* Stack.swift in Sources */ = {isa = PBXBuildFile; fileRef = B1648A971A9A66B500CEBC76 /* Stack.swift */; };
		B1648A991A9A66B500CEBC76 /* Stack.swift in Sources */ = {isa = PBXBuildFile; fileRef = B1648A971A9A66B500CEBC76 /* Stack.swift */; };
		B1648A9B1A9A76ED00CEBC76 /* TupleOperators.swift in Sources */ = {isa = PBXBuildFile; fileRef = B1648A9A1A9A76ED00CEBC76 /* TupleOperators.swift */; };
		B1648A9C1A9A76ED00CEBC76 /* TupleOperators.swift in Sources */ = {isa = PBXBuildFile; fileRef = B1648A9A1A9A76ED00CEBC76 /* TupleOperators.swift */; };
		B1648A9F1A9A8DC700CEBC76 /* ExpressionsTests.swift in Sources */ = {isa = PBXBuildFile; fileRef = B1648A9E1A9A8DC700CEBC76 /* ExpressionsTests.swift */; };
		B1648AA01A9A8EEF00CEBC76 /* Expressions.swift in Sources */ = {isa = PBXBuildFile; fileRef = B1648A931A9A647200CEBC76 /* Expressions.swift */; };
		B17C1EFF1A869C93008C1443 /* BluebirdOSX.h in Headers */ = {isa = PBXBuildFile; fileRef = B17C1EFE1A869C93008C1443 /* BluebirdOSX.h */; settings = {ATTRIBUTES = (Public, ); }; };
		B17C1F151A869D31008C1443 /* OrderedDictionaryTests.swift in Sources */ = {isa = PBXBuildFile; fileRef = B17C1F131A869D31008C1443 /* OrderedDictionaryTests.swift */; };
		B17C1F161A869D31008C1443 /* LoggerTests.swift in Sources */ = {isa = PBXBuildFile; fileRef = B17C1F141A869D31008C1443 /* LoggerTests.swift */; };
		B19AC7031A8161490013AE7E /* Bluebird.h in Headers */ = {isa = PBXBuildFile; fileRef = B19AC7021A8161490013AE7E /* Bluebird.h */; settings = {ATTRIBUTES = (Public, ); }; };
		B19AC7091A8161490013AE7E /* Bluebird.framework in Frameworks */ = {isa = PBXBuildFile; fileRef = B19AC6FD1A8161490013AE7E /* Bluebird.framework */; };
		B19AC71D1A8161C80013AE7E /* Logger.swift in Sources */ = {isa = PBXBuildFile; fileRef = B19AC71C1A8161C80013AE7E /* Logger.swift */; };
		B1A2BC481A881C730041C90B /* CollectionOperators.swift in Sources */ = {isa = PBXBuildFile; fileRef = B1A2BC471A881C730041C90B /* CollectionOperators.swift */; };
		B1B990111A82FE6000D9215A /* OrderedDictionary.swift in Sources */ = {isa = PBXBuildFile; fileRef = B1B990101A82FE6000D9215A /* OrderedDictionary.swift */; };
		B1B990141A82FED100D9215A /* OrderedDictionary.swift in Sources */ = {isa = PBXBuildFile; fileRef = B1B990101A82FE6000D9215A /* OrderedDictionary.swift */; };
		B1CA450C1A9A8F9C00100264 /* Stack.swift in Sources */ = {isa = PBXBuildFile; fileRef = B1648A971A9A66B500CEBC76 /* Stack.swift */; };
		B1CA450D1A9A8FA200100264 /* TupleOperators.swift in Sources */ = {isa = PBXBuildFile; fileRef = B1648A9A1A9A76ED00CEBC76 /* TupleOperators.swift */; };
		B1FCA5E11A82FB8E009E60F0 /* Logger.swift in Sources */ = {isa = PBXBuildFile; fileRef = B19AC71C1A8161C80013AE7E /* Logger.swift */; };
/* End PBXBuildFile section */

/* Begin PBXContainerItemProxy section */
		B19AC70A1A8161490013AE7E /* PBXContainerItemProxy */ = {
			isa = PBXContainerItemProxy;
			containerPortal = B19AC6F41A8161490013AE7E /* Project object */;
			proxyType = 1;
			remoteGlobalIDString = B19AC6FC1A8161490013AE7E;
			remoteInfo = Bluebird;
		};
/* End PBXContainerItemProxy section */

/* Begin PBXFileReference section */
		B10B959E1A87C2A1005E36A1 /* Sorts.swift */ = {isa = PBXFileReference; fileEncoding = 4; lastKnownFileType = sourcecode.swift; path = Sorts.swift; sourceTree = "<group>"; };
		B10B95A01A87C2E2005E36A1 /* Maths.swift */ = {isa = PBXFileReference; fileEncoding = 4; lastKnownFileType = sourcecode.swift; path = Maths.swift; sourceTree = "<group>"; };
		B1648A931A9A647200CEBC76 /* Expressions.swift */ = {isa = PBXFileReference; fileEncoding = 4; lastKnownFileType = sourcecode.swift; path = Expressions.swift; sourceTree = "<group>"; };
		B1648A971A9A66B500CEBC76 /* Stack.swift */ = {isa = PBXFileReference; fileEncoding = 4; lastKnownFileType = sourcecode.swift; path = Stack.swift; sourceTree = "<group>"; };
		B1648A9A1A9A76ED00CEBC76 /* TupleOperators.swift */ = {isa = PBXFileReference; fileEncoding = 4; lastKnownFileType = sourcecode.swift; path = TupleOperators.swift; sourceTree = "<group>"; };
		B1648A9E1A9A8DC700CEBC76 /* ExpressionsTests.swift */ = {isa = PBXFileReference; fileEncoding = 4; lastKnownFileType = sourcecode.swift; path = ExpressionsTests.swift; sourceTree = "<group>"; };
		B17C1EFA1A869C93008C1443 /* BluebirdOSX.framework */ = {isa = PBXFileReference; explicitFileType = wrapper.framework; includeInIndex = 0; path = BluebirdOSX.framework; sourceTree = BUILT_PRODUCTS_DIR; };
		B17C1EFD1A869C93008C1443 /* Info.plist */ = {isa = PBXFileReference; lastKnownFileType = text.plist.xml; path = Info.plist; sourceTree = "<group>"; };
		B17C1EFE1A869C93008C1443 /* BluebirdOSX.h */ = {isa = PBXFileReference; lastKnownFileType = sourcecode.c.h; path = BluebirdOSX.h; sourceTree = "<group>"; };
		B17C1F131A869D31008C1443 /* OrderedDictionaryTests.swift */ = {isa = PBXFileReference; fileEncoding = 4; lastKnownFileType = sourcecode.swift; path = OrderedDictionaryTests.swift; sourceTree = "<group>"; };
		B17C1F141A869D31008C1443 /* LoggerTests.swift */ = {isa = PBXFileReference; fileEncoding = 4; lastKnownFileType = sourcecode.swift; path = LoggerTests.swift; sourceTree = "<group>"; };
		B19AC6FD1A8161490013AE7E /* Bluebird.framework */ = {isa = PBXFileReference; explicitFileType = wrapper.framework; includeInIndex = 0; path = Bluebird.framework; sourceTree = BUILT_PRODUCTS_DIR; };
		B19AC7011A8161490013AE7E /* Info.plist */ = {isa = PBXFileReference; lastKnownFileType = text.plist.xml; path = Info.plist; sourceTree = "<group>"; };
		B19AC7021A8161490013AE7E /* Bluebird.h */ = {isa = PBXFileReference; lastKnownFileType = sourcecode.c.h; path = Bluebird.h; sourceTree = "<group>"; };
		B19AC7081A8161490013AE7E /* BluebirdTests.xctest */ = {isa = PBXFileReference; explicitFileType = wrapper.cfbundle; includeInIndex = 0; path = BluebirdTests.xctest; sourceTree = BUILT_PRODUCTS_DIR; };
		B19AC70E1A8161490013AE7E /* Info.plist */ = {isa = PBXFileReference; lastKnownFileType = text.plist.xml; path = Info.plist; sourceTree = "<group>"; };
		B19AC71C1A8161C80013AE7E /* Logger.swift */ = {isa = PBXFileReference; fileEncoding = 4; lastKnownFileType = sourcecode.swift; path = Logger.swift; sourceTree = "<group>"; };
		B1A2BC471A881C730041C90B /* CollectionOperators.swift */ = {isa = PBXFileReference; fileEncoding = 4; lastKnownFileType = sourcecode.swift; path = CollectionOperators.swift; sourceTree = "<group>"; };
		B1B990101A82FE6000D9215A /* OrderedDictionary.swift */ = {isa = PBXFileReference; fileEncoding = 4; lastKnownFileType = sourcecode.swift; path = OrderedDictionary.swift; sourceTree = "<group>"; };
/* End PBXFileReference section */

/* Begin PBXFrameworksBuildPhase section */
		B17C1EF61A869C93008C1443 /* Frameworks */ = {
			isa = PBXFrameworksBuildPhase;
			buildActionMask = 2147483647;
			files = (
			);
			runOnlyForDeploymentPostprocessing = 0;
		};
		B19AC6F91A8161490013AE7E /* Frameworks */ = {
			isa = PBXFrameworksBuildPhase;
			buildActionMask = 2147483647;
			files = (
			);
			runOnlyForDeploymentPostprocessing = 0;
		};
		B19AC7051A8161490013AE7E /* Frameworks */ = {
			isa = PBXFrameworksBuildPhase;
			buildActionMask = 2147483647;
			files = (
				B19AC7091A8161490013AE7E /* Bluebird.framework in Frameworks */,
			);
			runOnlyForDeploymentPostprocessing = 0;
		};
/* End PBXFrameworksBuildPhase section */

/* Begin PBXGroup section */
		B10B959D1A87C272005E36A1 /* Functions */ = {
			isa = PBXGroup;
			children = (
				B10B959E1A87C2A1005E36A1 /* Sorts.swift */,
				B10B95A01A87C2E2005E36A1 /* Maths.swift */,
				B1648A931A9A647200CEBC76 /* Expressions.swift */,
			);
			name = Functions;
			sourceTree = "<group>";
		};
		B1648A961A9A66AB00CEBC76 /* Stack */ = {
			isa = PBXGroup;
			children = (
				B1648A971A9A66B500CEBC76 /* Stack.swift */,
			);
			name = Stack;
			sourceTree = "<group>";
		};
		B1648A9D1A9A8DA800CEBC76 /* Functions */ = {
			isa = PBXGroup;
			children = (
				B1648A9E1A9A8DC700CEBC76 /* ExpressionsTests.swift */,
			);
			name = Functions;
			sourceTree = "<group>";
		};
		B17C1EFB1A869C93008C1443 /* BluebirdOSX */ = {
			isa = PBXGroup;
			children = (
				B17C1EFE1A869C93008C1443 /* BluebirdOSX.h */,
				B17C1EFC1A869C93008C1443 /* Supporting Files */,
			);
			path = BluebirdOSX;
			sourceTree = "<group>";
		};
		B17C1EFC1A869C93008C1443 /* Supporting Files */ = {
			isa = PBXGroup;
			children = (
				B17C1EFD1A869C93008C1443 /* Info.plist */,
			);
			name = "Supporting Files";
			sourceTree = "<group>";
		};
		B17C1F1A1A86DB48008C1443 /* Set */ = {
			isa = PBXGroup;
			children = (
			);
			name = Set;
			sourceTree = "<group>";
		};
		B17C1F1B1A86DB55008C1443 /* LinkedList */ = {
			isa = PBXGroup;
			children = (
			);
			name = LinkedList;
			sourceTree = "<group>";
		};
		B17C1F1C1A86DB82008C1443 /* EventHandler */ = {
			isa = PBXGroup;
			children = (
			);
			name = EventHandler;
			sourceTree = "<group>";
		};
		B19AC6F31A8161490013AE7E = {
			isa = PBXGroup;
			children = (
				B19AC6FF1A8161490013AE7E /* Bluebird */,
				B19AC70C1A8161490013AE7E /* BluebirdTests */,
				B17C1EFB1A869C93008C1443 /* BluebirdOSX */,
				B19AC6FE1A8161490013AE7E /* Products */,
			);
			sourceTree = "<group>";
		};
		B19AC6FE1A8161490013AE7E /* Products */ = {
			isa = PBXGroup;
			children = (
				B19AC6FD1A8161490013AE7E /* Bluebird.framework */,
				B19AC7081A8161490013AE7E /* BluebirdTests.xctest */,
				B17C1EFA1A869C93008C1443 /* BluebirdOSX.framework */,
			);
			name = Products;
			sourceTree = "<group>";
		};
		B19AC6FF1A8161490013AE7E /* Bluebird */ = {
			isa = PBXGroup;
			children = (
				B19AC7021A8161490013AE7E /* Bluebird.h */,
				B19AC71A1A8161B20013AE7E /* src */,
				B19AC7001A8161490013AE7E /* Supporting Files */,
			);
			path = Bluebird;
			sourceTree = "<group>";
		};
		B19AC7001A8161490013AE7E /* Supporting Files */ = {
			isa = PBXGroup;
			children = (
				B19AC7011A8161490013AE7E /* Info.plist */,
			);
			name = "Supporting Files";
			sourceTree = "<group>";
		};
		B19AC70C1A8161490013AE7E /* BluebirdTests */ = {
			isa = PBXGroup;
			children = (
				B1648A9D1A9A8DA800CEBC76 /* Functions */,
				B1B9900E1A82FE0C00D9215A /* Data Structures */,
				B1FCA5DE1A82FAEA009E60F0 /* Logger */,
				B19AC70D1A8161490013AE7E /* Supporting Files */,
			);
			path = BluebirdTests;
			sourceTree = "<group>";
		};
		B19AC70D1A8161490013AE7E /* Supporting Files */ = {
			isa = PBXGroup;
			children = (
				B19AC70E1A8161490013AE7E /* Info.plist */,
			);
			name = "Supporting Files";
			sourceTree = "<group>";
		};
		B19AC71A1A8161B20013AE7E /* src */ = {
			isa = PBXGroup;
			children = (
				B1A2BC461A881C5D0041C90B /* Operators */,
				B10B959D1A87C272005E36A1 /* Functions */,
				B17C1F1C1A86DB82008C1443 /* EventHandler */,
				B1B9900C1A82FDF400D9215A /* Data Structures */,
				B19AC71B1A8161B90013AE7E /* Logger */,
			);
			path = src;
			sourceTree = "<group>";
		};
		B19AC71B1A8161B90013AE7E /* Logger */ = {
			isa = PBXGroup;
			children = (
				B19AC71C1A8161C80013AE7E /* Logger.swift */,
			);
			name = Logger;
			sourceTree = "<group>";
		};
		B1A2BC461A881C5D0041C90B /* Operators */ = {
			isa = PBXGroup;
			children = (
				B1A2BC471A881C730041C90B /* CollectionOperators.swift */,
				B1648A9A1A9A76ED00CEBC76 /* TupleOperators.swift */,
			);
			name = Operators;
			sourceTree = "<group>";
		};
		B1B9900C1A82FDF400D9215A /* Data Structures */ = {
			isa = PBXGroup;
			children = (
				B1648A961A9A66AB00CEBC76 /* Stack */,
				B17C1F1B1A86DB55008C1443 /* LinkedList */,
				B17C1F1A1A86DB48008C1443 /* Set */,
				B1B9900D1A82FDFE00D9215A /* OrderedDictionary */,
			);
			name = "Data Structures";
			sourceTree = "<group>";
		};
		B1B9900D1A82FDFE00D9215A /* OrderedDictionary */ = {
			isa = PBXGroup;
			children = (
				B1B990101A82FE6000D9215A /* OrderedDictionary.swift */,
			);
			name = OrderedDictionary;
			sourceTree = "<group>";
		};
		B1B9900E1A82FE0C00D9215A /* Data Structures */ = {
			isa = PBXGroup;
			children = (
				B1B9900F1A82FE1800D9215A /* OrderedDictionary */,
			);
			name = "Data Structures";
			sourceTree = "<group>";
		};
		B1B9900F1A82FE1800D9215A /* OrderedDictionary */ = {
			isa = PBXGroup;
			children = (
				B17C1F131A869D31008C1443 /* OrderedDictionaryTests.swift */,
			);
			name = OrderedDictionary;
			sourceTree = "<group>";
		};
		B1FCA5DE1A82FAEA009E60F0 /* Logger */ = {
			isa = PBXGroup;
			children = (
				B17C1F141A869D31008C1443 /* LoggerTests.swift */,
			);
			name = Logger;
			sourceTree = "<group>";
		};
/* End PBXGroup section */

/* Begin PBXHeadersBuildPhase section */
		B17C1EF71A869C93008C1443 /* Headers */ = {
			isa = PBXHeadersBuildPhase;
			buildActionMask = 2147483647;
			files = (
				B17C1EFF1A869C93008C1443 /* BluebirdOSX.h in Headers */,
			);
			runOnlyForDeploymentPostprocessing = 0;
		};
		B19AC6FA1A8161490013AE7E /* Headers */ = {
			isa = PBXHeadersBuildPhase;
			buildActionMask = 2147483647;
			files = (
				B19AC7031A8161490013AE7E /* Bluebird.h in Headers */,
			);
			runOnlyForDeploymentPostprocessing = 0;
		};
/* End PBXHeadersBuildPhase section */

/* Begin PBXNativeTarget section */
		B17C1EF91A869C93008C1443 /* BluebirdOSX */ = {
			isa = PBXNativeTarget;
			buildConfigurationList = B17C1F0D1A869C93008C1443 /* Build configuration list for PBXNativeTarget "BluebirdOSX" */;
			buildPhases = (
				B17C1EF51A869C93008C1443 /* Sources */,
				B17C1EF61A869C93008C1443 /* Frameworks */,
				B17C1EF71A869C93008C1443 /* Headers */,
				B17C1EF81A869C93008C1443 /* Resources */,
			);
			buildRules = (
			);
			dependencies = (
			);
			name = BluebirdOSX;
			productName = BluebirdOSX;
			productReference = B17C1EFA1A869C93008C1443 /* BluebirdOSX.framework */;
			productType = "com.apple.product-type.framework";
		};
		B19AC6FC1A8161490013AE7E /* Bluebird */ = {
			isa = PBXNativeTarget;
			buildConfigurationList = B19AC7131A8161490013AE7E /* Build configuration list for PBXNativeTarget "Bluebird" */;
			buildPhases = (
				B19AC6F81A8161490013AE7E /* Sources */,
				B19AC6F91A8161490013AE7E /* Frameworks */,
				B19AC6FA1A8161490013AE7E /* Headers */,
				B19AC6FB1A8161490013AE7E /* Resources */,
			);
			buildRules = (
			);
			dependencies = (
			);
			name = Bluebird;
			productName = Bluebird;
			productReference = B19AC6FD1A8161490013AE7E /* Bluebird.framework */;
			productType = "com.apple.product-type.framework";
		};
		B19AC7071A8161490013AE7E /* BluebirdTests */ = {
			isa = PBXNativeTarget;
			buildConfigurationList = B19AC7161A8161490013AE7E /* Build configuration list for PBXNativeTarget "BluebirdTests" */;
			buildPhases = (
				B19AC7041A8161490013AE7E /* Sources */,
				B19AC7051A8161490013AE7E /* Frameworks */,
				B19AC7061A8161490013AE7E /* Resources */,
			);
			buildRules = (
			);
			dependencies = (
				B19AC70B1A8161490013AE7E /* PBXTargetDependency */,
			);
			name = BluebirdTests;
			productName = BluebirdTests;
			productReference = B19AC7081A8161490013AE7E /* BluebirdTests.xctest */;
			productType = "com.apple.product-type.bundle.unit-test";
		};
/* End PBXNativeTarget section */

/* Begin PBXProject section */
		B19AC6F41A8161490013AE7E /* Project object */ = {
			isa = PBXProject;
			attributes = {
				LastUpgradeCheck = 0610;
				ORGANIZATIONNAME = "Alejandro Barros Cuetos";
				TargetAttributes = {
					B17C1EF91A869C93008C1443 = {
						CreatedOnToolsVersion = 6.1.1;
					};
					B19AC6FC1A8161490013AE7E = {
						CreatedOnToolsVersion = 6.1.1;
						DevelopmentTeam = 5R59WRDGLW;
					};
					B19AC7071A8161490013AE7E = {
						CreatedOnToolsVersion = 6.1.1;
					};
				};
			};
			buildConfigurationList = B19AC6F71A8161490013AE7E /* Build configuration list for PBXProject "Bluebird" */;
			compatibilityVersion = "Xcode 3.2";
			developmentRegion = English;
			hasScannedForEncodings = 0;
			knownRegions = (
				en,
			);
			mainGroup = B19AC6F31A8161490013AE7E;
			productRefGroup = B19AC6FE1A8161490013AE7E /* Products */;
			projectDirPath = "";
			projectRoot = "";
			targets = (
				B19AC6FC1A8161490013AE7E /* Bluebird */,
				B17C1EF91A869C93008C1443 /* BluebirdOSX */,
				B19AC7071A8161490013AE7E /* BluebirdTests */,
			);
		};
/* End PBXProject section */

/* Begin PBXResourcesBuildPhase section */
		B17C1EF81A869C93008C1443 /* Resources */ = {
			isa = PBXResourcesBuildPhase;
			buildActionMask = 2147483647;
			files = (
			);
			runOnlyForDeploymentPostprocessing = 0;
		};
		B19AC6FB1A8161490013AE7E /* Resources */ = {
			isa = PBXResourcesBuildPhase;
			buildActionMask = 2147483647;
			files = (
			);
			runOnlyForDeploymentPostprocessing = 0;
		};
		B19AC7061A8161490013AE7E /* Resources */ = {
			isa = PBXResourcesBuildPhase;
			buildActionMask = 2147483647;
			files = (
			);
			runOnlyForDeploymentPostprocessing = 0;
		};
/* End PBXResourcesBuildPhase section */

/* Begin PBXSourcesBuildPhase section */
		B17C1EF51A869C93008C1443 /* Sources */ = {
			isa = PBXSourcesBuildPhase;
			buildActionMask = 2147483647;
			files = (
				B1648A991A9A66B500CEBC76 /* Stack.swift in Sources */,
				B1648A9C1A9A76ED00CEBC76 /* TupleOperators.swift in Sources */,
				B10B959B1A87BCCB005E36A1 /* OrderedDictionary.swift in Sources */,
				B10B959C1A87BCCB005E36A1 /* Logger.swift in Sources */,
				B1648A951A9A647200CEBC76 /* Expressions.swift in Sources */,
			);
			runOnlyForDeploymentPostprocessing = 0;
		};
		B19AC6F81A8161490013AE7E /* Sources */ = {
			isa = PBXSourcesBuildPhase;
			buildActionMask = 2147483647;
			files = (
				B1648A9B1A9A76ED00CEBC76 /* TupleOperators.swift in Sources */,
				B1A2BC481A881C730041C90B /* CollectionOperators.swift in Sources */,
				B19AC71D1A8161C80013AE7E /* Logger.swift in Sources */,
				B1648A981A9A66B500CEBC76 /* Stack.swift in Sources */,
				B10B959F1A87C2A1005E36A1 /* Sorts.swift in Sources */,
				B1B990111A82FE6000D9215A /* OrderedDictionary.swift in Sources */,
				B10B95A11A87C2E2005E36A1 /* Maths.swift in Sources */,
				B1648A941A9A647200CEBC76 /* Expressions.swift in Sources */,
			);
			runOnlyForDeploymentPostprocessing = 0;
		};
		B19AC7041A8161490013AE7E /* Sources */ = {
			isa = PBXSourcesBuildPhase;
			buildActionMask = 2147483647;
			files = (
				B1CA450D1A9A8FA200100264 /* TupleOperators.swift in Sources */,
				B1648A9F1A9A8DC700CEBC76 /* ExpressionsTests.swift in Sources */,
				B17C1F151A869D31008C1443 /* OrderedDictionaryTests.swift in Sources */,
				B1CA450C1A9A8F9C00100264 /* Stack.swift in Sources */,
				B1B990141A82FED100D9215A /* OrderedDictionary.swift in Sources */,
				B1FCA5E11A82FB8E009E60F0 /* Logger.swift in Sources */,
				B17C1F161A869D31008C1443 /* LoggerTests.swift in Sources */,
				B1648AA01A9A8EEF00CEBC76 /* Expressions.swift in Sources */,
			);
			runOnlyForDeploymentPostprocessing = 0;
		};
/* End PBXSourcesBuildPhase section */

/* Begin PBXTargetDependency section */
		B19AC70B1A8161490013AE7E /* PBXTargetDependency */ = {
			isa = PBXTargetDependency;
			target = B19AC6FC1A8161490013AE7E /* Bluebird */;
			targetProxy = B19AC70A1A8161490013AE7E /* PBXContainerItemProxy */;
		};
/* End PBXTargetDependency section */

/* Begin XCBuildConfiguration section */
		B17C1F0E1A869C93008C1443 /* Debug */ = {
			isa = XCBuildConfiguration;
			buildSettings = {
				COMBINE_HIDPI_IMAGES = YES;
				DEFINES_MODULE = YES;
				DYLIB_COMPATIBILITY_VERSION = 1;
				DYLIB_CURRENT_VERSION = 1;
				DYLIB_INSTALL_NAME_BASE = "@rpath";
				FRAMEWORK_VERSION = A;
				GCC_PREPROCESSOR_DEFINITIONS = (
					"DEBUG=1",
					"$(inherited)",
				);
				INFOPLIST_FILE = BluebirdOSX/Info.plist;
				INSTALL_PATH = "$(LOCAL_LIBRARY_DIR)/Frameworks";
				LD_RUNPATH_SEARCH_PATHS = "$(inherited) @executable_path/../Frameworks @loader_path/Frameworks";
				MACOSX_DEPLOYMENT_TARGET = 10.9;
				PRODUCT_NAME = "$(TARGET_NAME)";
				SDKROOT = macosx;
				SKIP_INSTALL = YES;
			};
			name = Debug;
		};
		B17C1F0F1A869C93008C1443 /* Release */ = {
			isa = XCBuildConfiguration;
			buildSettings = {
				COMBINE_HIDPI_IMAGES = YES;
				DEBUG_INFORMATION_FORMAT = "dwarf-with-dsym";
				DEFINES_MODULE = YES;
				DYLIB_COMPATIBILITY_VERSION = 1;
				DYLIB_CURRENT_VERSION = 1;
				DYLIB_INSTALL_NAME_BASE = "@rpath";
				FRAMEWORK_VERSION = A;
				INFOPLIST_FILE = BluebirdOSX/Info.plist;
				INSTALL_PATH = "$(LOCAL_LIBRARY_DIR)/Frameworks";
				LD_RUNPATH_SEARCH_PATHS = "$(inherited) @executable_path/../Frameworks @loader_path/Frameworks";
				MACOSX_DEPLOYMENT_TARGET = 10.9;
				PRODUCT_NAME = "$(TARGET_NAME)";
				SDKROOT = macosx;
				SKIP_INSTALL = YES;
			};
			name = Release;
		};
		B19AC7111A8161490013AE7E /* Debug */ = {
			isa = XCBuildConfiguration;
			buildSettings = {
				ALWAYS_SEARCH_USER_PATHS = NO;
				CLANG_CXX_LANGUAGE_STANDARD = "gnu++0x";
				CLANG_CXX_LIBRARY = "libc++";
				CLANG_ENABLE_MODULES = YES;
				CLANG_ENABLE_OBJC_ARC = YES;
				CLANG_WARN_BOOL_CONVERSION = YES;
				CLANG_WARN_CONSTANT_CONVERSION = YES;
				CLANG_WARN_DIRECT_OBJC_ISA_USAGE = YES_ERROR;
				CLANG_WARN_EMPTY_BODY = YES;
				CLANG_WARN_ENUM_CONVERSION = YES;
				CLANG_WARN_INT_CONVERSION = YES;
				CLANG_WARN_OBJC_ROOT_CLASS = YES_ERROR;
				CLANG_WARN_UNREACHABLE_CODE = YES;
				CLANG_WARN__DUPLICATE_METHOD_MATCH = YES;
				"CODE_SIGN_IDENTITY[sdk=iphoneos*]" = "iPhone Developer";
				COPY_PHASE_STRIP = NO;
				CURRENT_PROJECT_VERSION = 1;
				ENABLE_STRICT_OBJC_MSGSEND = YES;
				GCC_C_LANGUAGE_STANDARD = gnu99;
				GCC_DYNAMIC_NO_PIC = NO;
				GCC_OPTIMIZATION_LEVEL = 0;
				GCC_PREPROCESSOR_DEFINITIONS = (
					"DEBUG=1",
					"$(inherited)",
				);
				GCC_SYMBOLS_PRIVATE_EXTERN = NO;
				GCC_WARN_64_TO_32_BIT_CONVERSION = YES;
				GCC_WARN_ABOUT_RETURN_TYPE = YES_ERROR;
				GCC_WARN_UNDECLARED_SELECTOR = YES;
				GCC_WARN_UNINITIALIZED_AUTOS = YES_AGGRESSIVE;
				GCC_WARN_UNUSED_FUNCTION = YES;
				GCC_WARN_UNUSED_VARIABLE = YES;
				IPHONEOS_DEPLOYMENT_TARGET = 8.0;
				MACOSX_DEPLOYMENT_TARGET = 10.9;
				MTL_ENABLE_DEBUG_INFO = YES;
				ONLY_ACTIVE_ARCH = YES;
				SDKROOT = iphoneos;
				SWIFT_OPTIMIZATION_LEVEL = "-Onone";
				TARGETED_DEVICE_FAMILY = "1,2";
				VERSIONING_SYSTEM = "apple-generic";
				VERSION_INFO_PREFIX = "";
			};
			name = Debug;
		};
		B19AC7121A8161490013AE7E /* Release */ = {
			isa = XCBuildConfiguration;
			buildSettings = {
				ALWAYS_SEARCH_USER_PATHS = NO;
				CLANG_CXX_LANGUAGE_STANDARD = "gnu++0x";
				CLANG_CXX_LIBRARY = "libc++";
				CLANG_ENABLE_MODULES = YES;
				CLANG_ENABLE_OBJC_ARC = YES;
				CLANG_WARN_BOOL_CONVERSION = YES;
				CLANG_WARN_CONSTANT_CONVERSION = YES;
				CLANG_WARN_DIRECT_OBJC_ISA_USAGE = YES_ERROR;
				CLANG_WARN_EMPTY_BODY = YES;
				CLANG_WARN_ENUM_CONVERSION = YES;
				CLANG_WARN_INT_CONVERSION = YES;
				CLANG_WARN_OBJC_ROOT_CLASS = YES_ERROR;
				CLANG_WARN_UNREACHABLE_CODE = YES;
				CLANG_WARN__DUPLICATE_METHOD_MATCH = YES;
				"CODE_SIGN_IDENTITY[sdk=iphoneos*]" = "iPhone Developer";
				COPY_PHASE_STRIP = YES;
				CURRENT_PROJECT_VERSION = 1;
				ENABLE_NS_ASSERTIONS = NO;
				ENABLE_STRICT_OBJC_MSGSEND = YES;
				GCC_C_LANGUAGE_STANDARD = gnu99;
				GCC_WARN_64_TO_32_BIT_CONVERSION = YES;
				GCC_WARN_ABOUT_RETURN_TYPE = YES_ERROR;
				GCC_WARN_UNDECLARED_SELECTOR = YES;
				GCC_WARN_UNINITIALIZED_AUTOS = YES_AGGRESSIVE;
				GCC_WARN_UNUSED_FUNCTION = YES;
				GCC_WARN_UNUSED_VARIABLE = YES;
				IPHONEOS_DEPLOYMENT_TARGET = 8.0;
				MACOSX_DEPLOYMENT_TARGET = 10.9;
				MTL_ENABLE_DEBUG_INFO = NO;
				SDKROOT = iphoneos;
				TARGETED_DEVICE_FAMILY = "1,2";
				VALIDATE_PRODUCT = YES;
				VERSIONING_SYSTEM = "apple-generic";
				VERSION_INFO_PREFIX = "";
			};
			name = Release;
		};
		B19AC7141A8161490013AE7E /* Debug */ = {
			isa = XCBuildConfiguration;
			buildSettings = {
				CLANG_ENABLE_MODULES = YES;
				CODE_SIGN_IDENTITY = "iPhone Developer";
				DEFINES_MODULE = YES;
				DYLIB_COMPATIBILITY_VERSION = 1;
				DYLIB_CURRENT_VERSION = 1;
				DYLIB_INSTALL_NAME_BASE = "@rpath";
				INFOPLIST_FILE = Bluebird/Info.plist;
				INSTALL_PATH = "$(LOCAL_LIBRARY_DIR)/Frameworks";
				LD_RUNPATH_SEARCH_PATHS = "$(inherited) @executable_path/Frameworks @loader_path/Frameworks";
				PRODUCT_NAME = "$(TARGET_NAME)";
				SKIP_INSTALL = YES;
				SWIFT_OPTIMIZATION_LEVEL = "-Onone";
			};
			name = Debug;
		};
		B19AC7151A8161490013AE7E /* Release */ = {
			isa = XCBuildConfiguration;
			buildSettings = {
				CLANG_ENABLE_MODULES = YES;
				CODE_SIGN_IDENTITY = "iPhone Developer";
				DEFINES_MODULE = YES;
				DYLIB_COMPATIBILITY_VERSION = 1;
				DYLIB_CURRENT_VERSION = 1;
				DYLIB_INSTALL_NAME_BASE = "@rpath";
				INFOPLIST_FILE = Bluebird/Info.plist;
				INSTALL_PATH = "$(LOCAL_LIBRARY_DIR)/Frameworks";
				LD_RUNPATH_SEARCH_PATHS = "$(inherited) @executable_path/Frameworks @loader_path/Frameworks";
				PRODUCT_NAME = "$(TARGET_NAME)";
				SKIP_INSTALL = YES;
			};
			name = Release;
		};
		B19AC7171A8161490013AE7E /* Debug */ = {
			isa = XCBuildConfiguration;
			buildSettings = {
				FRAMEWORK_SEARCH_PATHS = (
					"$(SDKROOT)/Developer/Library/Frameworks",
					"$(inherited)",
				);
				GCC_PREPROCESSOR_DEFINITIONS = (
					"DEBUG=1",
					"$(inherited)",
				);
				INFOPLIST_FILE = BluebirdTests/Info.plist;
				LD_RUNPATH_SEARCH_PATHS = "$(inherited) @executable_path/Frameworks @loader_path/Frameworks";
				PRODUCT_NAME = "$(TARGET_NAME)";
			};
			name = Debug;
		};
		B19AC7181A8161490013AE7E /* Release */ = {
			isa = XCBuildConfiguration;
			buildSettings = {
				FRAMEWORK_SEARCH_PATHS = (
					"$(SDKROOT)/Developer/Library/Frameworks",
					"$(inherited)",
				);
				INFOPLIST_FILE = BluebirdTests/Info.plist;
				LD_RUNPATH_SEARCH_PATHS = "$(inherited) @executable_path/Frameworks @loader_path/Frameworks";
				PRODUCT_NAME = "$(TARGET_NAME)";
			};
			name = Release;
		};
/* End XCBuildConfiguration section */

/* Begin XCConfigurationList section */
		B17C1F0D1A869C93008C1443 /* Build configuration list for PBXNativeTarget "BluebirdOSX" */ = {
			isa = XCConfigurationList;
			buildConfigurations = (
				B17C1F0E1A869C93008C1443 /* Debug */,
				B17C1F0F1A869C93008C1443 /* Release */,
			);
			defaultConfigurationIsVisible = 0;
			defaultConfigurationName = Release;
		};
		B19AC6F71A8161490013AE7E /* Build configuration list for PBXProject "Bluebird" */ = {
			isa = XCConfigurationList;
			buildConfigurations = (
				B19AC7111A8161490013AE7E /* Debug */,
				B19AC7121A8161490013AE7E /* Release */,
			);
			defaultConfigurationIsVisible = 0;
			defaultConfigurationName = Release;
		};
		B19AC7131A8161490013AE7E /* Build configuration list for PBXNativeTarget "Bluebird" */ = {
			isa = XCConfigurationList;
			buildConfigurations = (
				B19AC7141A8161490013AE7E /* Debug */,
				B19AC7151A8161490013AE7E /* Release */,
			);
			defaultConfigurationIsVisible = 0;
			defaultConfigurationName = Release;
		};
		B19AC7161A8161490013AE7E /* Build configuration list for PBXNativeTarget "BluebirdTests" */ = {
			isa = XCConfigurationList;
			buildConfigurations = (
				B19AC7171A8161490013AE7E /* Debug */,
				B19AC7181A8161490013AE7E /* Release */,
			);
			defaultConfigurationIsVisible = 0;
			defaultConfigurationName = Release;
		};
/* End XCConfigurationList section */
	};
	rootObject = B19AC6F41A8161490013AE7E /* Project object */;
}
